
Microsoft Visual Studio Solution File, Format Version 12.00
# Visual Studio 15
VisualStudioVersion = 15.0.28307.960
MinimumVisualStudioVersion = 10.0.40219.1
Project("{9A19103F-16F7-4668-BE54-9A1E7A4F7556}") = "SampleMvc", "SampleMvc\SampleMvc.csproj", "{BF5B55AE-79DD-4A60-B81C-5823BF8E3C4B}"
EndProject
Global
	GlobalSection(SolutionConfigurationPlatforms) = preSolution
		Debug|Any CPU = Debug|Any CPU
		Release|Any CPU = Release|Any CPU
	EndGlobalSection
	GlobalSection(ProjectConfigurationPlatforms) = postSolution
		{BF5B55AE-79DD-4A60-B81C-5823BF8E3C4B}.Debug|Any CPU.ActiveCfg = Debug|Any CPU
		{BF5B55AE-79DD-4A60-B81C-5823BF8E3C4B}.Debug|Any CPU.Build.0 = Debug|Any CPU
		{BF5B55AE-79DD-4A60-B81C-5823BF8E3C4B}.Release|Any CPU.ActiveCfg = Release|Any CPU
		{BF5B55AE-79DD-4A60-B81C-5823BF8E3C4B}.Release|Any CPU.Build.0 = Release|Any CPU
	EndGlobalSection
	GlobalSection(SolutionProperties) = preSolution
		HideSolutionNode = FALSE
	EndGlobalSection
	GlobalSection(ExtensibilityGlobals) = postSolution
		SolutionGuid = {6941AE85-C511-4B7E-A221-5AE959D9FBF1}
	EndGlobalSection
EndGlobal
